
Microsoft Visual Studio Solution File, Format Version 12.00
# Visual Studio 15
VisualStudioVersion = 15.0.27428.2015
MinimumVisualStudioVersion = 10.0.40219.1
Project("{FAE04EC0-301F-11D3-BF4B-00C04F79EFBC}") = "MyKTV", "MyKTV\MyKTV.csproj", "{2361D823-2969-4DDC-87D0-5874A3400D1D}"
EndProject
Global
	GlobalSection(SolutionConfigurationPlatforms) = preSolution
		Debug|Any CPU = Debug|Any CPU
		Release|Any CPU = Release|Any CPU
	EndGlobalSection
	GlobalSection(ProjectConfigurationPlatforms) = postSolution
		{2361D823-2969-4DDC-87D0-5874A3400D1D}.Debug|Any CPU.ActiveCfg = Debug|Any CPU
		{2361D823-2969-4DDC-87D0-5874A3400D1D}.Debug|Any CPU.Build.0 = Debug|Any CPU
		{2361D823-2969-4DDC-87D0-5874A3400D1D}.Release|Any CPU.ActiveCfg = Release|Any CPU
		{2361D823-2969-4DDC-87D0-5874A3400D1D}.Release|Any CPU.Build.0 = Release|Any CPU
	EndGlobalSection
	GlobalSection(SolutionProperties) = preSolution
		HideSolutionNode = FALSE
	EndGlobalSection
	GlobalSection(ExtensibilityGlobals) = postSolution
		SolutionGuid = {222285D5-0517-4EE0-A302-7D243A409537}
	EndGlobalSection
EndGlobal
